// !$*UTF8*$!
{
	archiveVersion = 1;
	classes = {
	};
	objectVersion = 55;
	objects = {

/* Begin PBXBuildFile section */
		19A3F0822E9BC2B0B76B854B /* AdvancedDetail.swift in Sources */ = {isa = PBXBuildFile; fileRef = 19A3F1AB8F7443AD858EB33A /* AdvancedDetail.swift */; };
		19A3F08BE393060886312D71 /* AccessDetail.swift in Sources */ = {isa = PBXBuildFile; fileRef = 19A3F3B13118DBFBCF209F0D /* AccessDetail.swift */; };
		19A3F3CA497740AAEF0DEAEA /* GitHubOAuth.swift in Sources */ = {isa = PBXBuildFile; fileRef = 19A3FD6695D38705B05DDBE7 /* GitHubOAuth.swift */; };
		19A3F6AB67E939634942FA30 /* AppearanceDetail.swift in Sources */ = {isa = PBXBuildFile; fileRef = 19A3F9F52EAEC4EBCE324087 /* AppearanceDetail.swift */; };
		19A3FE7F9C69CBC655D0CD0E /* PreferencesView.swift in Sources */ = {isa = PBXBuildFile; fileRef = 19A3F8F0421EDC58B1885D38 /* PreferencesView.swift */; };
		19A3FEC547742C3D72FFE9DA /* AboutDetail.swift in Sources */ = {isa = PBXBuildFile; fileRef = 19A3FF06910985CD8B58EDC5 /* AboutDetail.swift */; };
		710B558428B586C20093DFA3 /* Updater.swift in Sources */ = {isa = PBXBuildFile; fileRef = 710B558328B586C20093DFA3 /* Updater.swift */; };
		717755E628CE903500D0141C /* version.txt in Resources */ = {isa = PBXBuildFile; fileRef = 717755E528CE903500D0141C /* version.txt */; };
		718D781028D615F300A61EE9 /* ApiConfig.stencil in Resources */ = {isa = PBXBuildFile; fileRef = 718D780F28D615F300A61EE9 /* ApiConfig.stencil */; };
		718D781228D6171600A61EE9 /* ApiConfig.generated.swift in Sources */ = {isa = PBXBuildFile; fileRef = 718D781128D6171600A61EE9 /* ApiConfig.generated.swift */; };
		71BC7E8028CE3C8200E1DFA6 /* OctoKit in Frameworks */ = {isa = PBXBuildFile; productRef = 71BC7E7F28CE3C8200E1DFA6 /* OctoKit */; };
		71BC7E8328CE3CC000E1DFA6 /* Sparkle in Frameworks */ = {isa = PBXBuildFile; productRef = 71BC7E8228CE3CC000E1DFA6 /* Sparkle */; };
		71BC7E8628CE3D2600E1DFA6 /* KeychainSwift in Frameworks */ = {isa = PBXBuildFile; productRef = 71BC7E8528CE3D2600E1DFA6 /* KeychainSwift */; };
		71BC7E8928CE3D6C00E1DFA6 /* LaunchAtLogin in Frameworks */ = {isa = PBXBuildFile; productRef = 71BC7E8828CE3D6C00E1DFA6 /* LaunchAtLogin */; };
		71BC7E8C28CE3D7C00E1DFA6 /* Preferences in Frameworks */ = {isa = PBXBuildFile; productRef = 71BC7E8B28CE3D7C00E1DFA6 /* Preferences */; };
		71D9DEF928A02DBD00D22910 /* OctoBlastApp.swift in Sources */ = {isa = PBXBuildFile; fileRef = 71D9DEF828A02DBD00D22910 /* OctoBlastApp.swift */; };
		71D9DEFD28A02DBE00D22910 /* Assets.xcassets in Resources */ = {isa = PBXBuildFile; fileRef = 71D9DEFC28A02DBE00D22910 /* Assets.xcassets */; };
		71D9DF0028A02DBE00D22910 /* Preview Assets.xcassets in Resources */ = {isa = PBXBuildFile; fileRef = 71D9DEFF28A02DBE00D22910 /* Preview Assets.xcassets */; };
		71D9DF5B28AB9C2400D22910 /* Github.swift in Sources */ = {isa = PBXBuildFile; fileRef = 71D9DF5A28AB9C2400D22910 /* Github.swift */; };
		71D9DF5D28AB9C3400D22910 /* AuthAccessToken.swift in Sources */ = {isa = PBXBuildFile; fileRef = 71D9DF5C28AB9C3400D22910 /* AuthAccessToken.swift */; };
		71D9DF5F28AB9CB900D22910 /* AppDelegate.swift in Sources */ = {isa = PBXBuildFile; fileRef = 71D9DF5E28AB9CB900D22910 /* AppDelegate.swift */; };
		71D9DF9028AC3C2D00D22910 /* Color.swift in Sources */ = {isa = PBXBuildFile; fileRef = 71D9DF8F28AC3C2D00D22910 /* Color.swift */; };
		71D9DF9228AC3C4D00D22910 /* NSImage.swift in Sources */ = {isa = PBXBuildFile; fileRef = 71D9DF9128AC3C4D00D22910 /* NSImage.swift */; };
/* End PBXBuildFile section */

/* Begin PBXFileReference section */
		19A3F1AB8F7443AD858EB33A /* AdvancedDetail.swift */ = {isa = PBXFileReference; fileEncoding = 4; lastKnownFileType = sourcecode.swift; path = AdvancedDetail.swift; sourceTree = "<group>"; };
		19A3F3B13118DBFBCF209F0D /* AccessDetail.swift */ = {isa = PBXFileReference; fileEncoding = 4; lastKnownFileType = sourcecode.swift; path = AccessDetail.swift; sourceTree = "<group>"; };
		19A3F68E68F50F75739F3DCE /* .swift-format */ = {isa = PBXFileReference; lastKnownFileType = "file.swift-format"; path = ".swift-format"; sourceTree = "<group>"; };
		19A3F8F0421EDC58B1885D38 /* PreferencesView.swift */ = {isa = PBXFileReference; fileEncoding = 4; lastKnownFileType = sourcecode.swift; path = PreferencesView.swift; sourceTree = "<group>"; };
		19A3F9F52EAEC4EBCE324087 /* AppearanceDetail.swift */ = {isa = PBXFileReference; fileEncoding = 4; lastKnownFileType = sourcecode.swift; path = AppearanceDetail.swift; sourceTree = "<group>"; };
		19A3FD6695D38705B05DDBE7 /* GitHubOAuth.swift */ = {isa = PBXFileReference; fileEncoding = 4; lastKnownFileType = sourcecode.swift; path = GitHubOAuth.swift; sourceTree = "<group>"; };
		19A3FF06910985CD8B58EDC5 /* AboutDetail.swift */ = {isa = PBXFileReference; fileEncoding = 4; lastKnownFileType = sourcecode.swift; path = AboutDetail.swift; sourceTree = "<group>"; };
		710B558328B586C20093DFA3 /* Updater.swift */ = {isa = PBXFileReference; lastKnownFileType = sourcecode.swift; path = Updater.swift; sourceTree = "<group>"; };
		717755E528CE903500D0141C /* version.txt */ = {isa = PBXFileReference; lastKnownFileType = text; path = version.txt; sourceTree = "<group>"; };
		718D780F28D615F300A61EE9 /* ApiConfig.stencil */ = {isa = PBXFileReference; fileEncoding = 4; lastKnownFileType = text; path = ApiConfig.stencil; sourceTree = "<group>"; };
		718D781128D6171600A61EE9 /* ApiConfig.generated.swift */ = {isa = PBXFileReference; fileEncoding = 4; lastKnownFileType = sourcecode.swift; path = ApiConfig.generated.swift; sourceTree = "<group>"; };
		71D9DEF528A02DBD00D22910 /* OctoBlast.app */ = {isa = PBXFileReference; explicitFileType = wrapper.application; includeInIndex = 0; path = OctoBlast.app; sourceTree = BUILT_PRODUCTS_DIR; };
		71D9DEF828A02DBD00D22910 /* OctoBlastApp.swift */ = {isa = PBXFileReference; lastKnownFileType = sourcecode.swift; path = OctoBlastApp.swift; sourceTree = "<group>"; };
		71D9DEFC28A02DBE00D22910 /* Assets.xcassets */ = {isa = PBXFileReference; lastKnownFileType = folder.assetcatalog; path = Assets.xcassets; sourceTree = "<group>"; };
		71D9DEFF28A02DBE00D22910 /* Preview Assets.xcassets */ = {isa = PBXFileReference; lastKnownFileType = folder.assetcatalog; path = "Preview Assets.xcassets"; sourceTree = "<group>"; };
		71D9DF0128A02DBE00D22910 /* OctoBlast.entitlements */ = {isa = PBXFileReference; lastKnownFileType = text.plist.entitlements; path = OctoBlast.entitlements; sourceTree = "<group>"; };
		71D9DF2828A0363500D22910 /* Info.plist */ = {isa = PBXFileReference; lastKnownFileType = text.plist; path = Info.plist; sourceTree = "<group>"; };
		71D9DF5A28AB9C2400D22910 /* Github.swift */ = {isa = PBXFileReference; lastKnownFileType = sourcecode.swift; path = Github.swift; sourceTree = "<group>"; };
		71D9DF5C28AB9C3400D22910 /* AuthAccessToken.swift */ = {isa = PBXFileReference; lastKnownFileType = sourcecode.swift; path = AuthAccessToken.swift; sourceTree = "<group>"; };
		71D9DF5E28AB9CB900D22910 /* AppDelegate.swift */ = {isa = PBXFileReference; lastKnownFileType = sourcecode.swift; path = AppDelegate.swift; sourceTree = "<group>"; };
		71D9DF8F28AC3C2D00D22910 /* Color.swift */ = {isa = PBXFileReference; lastKnownFileType = sourcecode.swift; path = Color.swift; sourceTree = "<group>"; };
		71D9DF9128AC3C4D00D22910 /* NSImage.swift */ = {isa = PBXFileReference; lastKnownFileType = sourcecode.swift; path = NSImage.swift; sourceTree = "<group>"; };
/* End PBXFileReference section */

/* Begin PBXFrameworksBuildPhase section */
		71D9DEF228A02DBD00D22910 /* Frameworks */ = {
			isa = PBXFrameworksBuildPhase;
			buildActionMask = 2147483647;
			files = (
				71BC7E8628CE3D2600E1DFA6 /* KeychainSwift in Frameworks */,
				71BC7E8C28CE3D7C00E1DFA6 /* Preferences in Frameworks */,
				71BC7E8028CE3C8200E1DFA6 /* OctoKit in Frameworks */,
				71BC7E8928CE3D6C00E1DFA6 /* LaunchAtLogin in Frameworks */,
				71BC7E8328CE3CC000E1DFA6 /* Sparkle in Frameworks */,
			);
			runOnlyForDeploymentPostprocessing = 0;
		};
/* End PBXFrameworksBuildPhase section */

/* Begin PBXGroup section */
		710B558228B586AD0093DFA3 /* auto-update */ = {
			isa = PBXGroup;
			children = (
				710B558328B586C20093DFA3 /* Updater.swift */,
			);
			path = "auto-update";
			sourceTree = "<group>";
		};
		718D780E28D615D200A61EE9 /* templates */ = {
			isa = PBXGroup;
			children = (
				718D781128D6171600A61EE9 /* ApiConfig.generated.swift */,
				718D780F28D615F300A61EE9 /* ApiConfig.stencil */,
			);
			path = templates;
			sourceTree = "<group>";
		};
		71D9DEEC28A02DBD00D22910 = {
			isa = PBXGroup;
			children = (
				71D9DEF728A02DBD00D22910 /* OctoBlast */,
				71D9DEF628A02DBD00D22910 /* Products */,
				71D9DF2928A040DC00D22910 /* Frameworks */,
			);
			sourceTree = "<group>";
		};
		71D9DEF628A02DBD00D22910 /* Products */ = {
			isa = PBXGroup;
			children = (
				71D9DEF528A02DBD00D22910 /* OctoBlast.app */,
			);
			name = Products;
			sourceTree = "<group>";
		};
		71D9DEF728A02DBD00D22910 /* OctoBlast */ = {
			isa = PBXGroup;
			children = (
				718D780E28D615D200A61EE9 /* templates */,
				71D9DF5728AB9BEA00D22910 /* lib */,
				71D9DF5528AB9B8700D22910 /* views */,
				71D9DF2828A0363500D22910 /* Info.plist */,
				71D9DEF828A02DBD00D22910 /* OctoBlastApp.swift */,
				71D9DEFC28A02DBE00D22910 /* Assets.xcassets */,
				71D9DF0128A02DBE00D22910 /* OctoBlast.entitlements */,
				71D9DEFE28A02DBE00D22910 /* Preview Content */,
				71D9DF5E28AB9CB900D22910 /* AppDelegate.swift */,
				19A3F68E68F50F75739F3DCE /* .swift-format */,
				717755E528CE903500D0141C /* version.txt */,
			);
			path = OctoBlast;
			sourceTree = "<group>";
		};
		71D9DEFE28A02DBE00D22910 /* Preview Content */ = {
			isa = PBXGroup;
			children = (
				71D9DEFF28A02DBE00D22910 /* Preview Assets.xcassets */,
			);
			path = "Preview Content";
			sourceTree = "<group>";
		};
		71D9DF2928A040DC00D22910 /* Frameworks */ = {
			isa = PBXGroup;
			children = (
			);
			name = Frameworks;
			sourceTree = "<group>";
		};
		71D9DF5528AB9B8700D22910 /* views */ = {
			isa = PBXGroup;
			children = (
				710B558228B586AD0093DFA3 /* auto-update */,
				71D9DF5628AB9B8F00D22910 /* preferences */,
			);
			path = views;
			sourceTree = "<group>";
		};
		71D9DF5628AB9B8F00D22910 /* preferences */ = {
			isa = PBXGroup;
			children = (
				19A3F8F0421EDC58B1885D38 /* PreferencesView.swift */,
				19A3F9F52EAEC4EBCE324087 /* AppearanceDetail.swift */,
				19A3F3B13118DBFBCF209F0D /* AccessDetail.swift */,
				19A3FF06910985CD8B58EDC5 /* AboutDetail.swift */,
				19A3F1AB8F7443AD858EB33A /* AdvancedDetail.swift */,
			);
			path = preferences;
			sourceTree = "<group>";
		};
		71D9DF5728AB9BEA00D22910 /* lib */ = {
			isa = PBXGroup;
			children = (
				71D9DF8728AC3C1800D22910 /* extensions */,
				71D9DF5928AB9BFF00D22910 /* github */,
				71D9DF5828AB9BF000D22910 /* keychain */,
			);
			path = lib;
			sourceTree = "<group>";
		};
		71D9DF5828AB9BF000D22910 /* keychain */ = {
			isa = PBXGroup;
			children = (
				71D9DF5C28AB9C3400D22910 /* AuthAccessToken.swift */,
			);
			path = keychain;
			sourceTree = "<group>";
		};
		71D9DF5928AB9BFF00D22910 /* github */ = {
			isa = PBXGroup;
			children = (
				71D9DF5A28AB9C2400D22910 /* Github.swift */,
				19A3FD6695D38705B05DDBE7 /* GitHubOAuth.swift */,
			);
			path = github;
			sourceTree = "<group>";
		};
		71D9DF8728AC3C1800D22910 /* extensions */ = {
			isa = PBXGroup;
			children = (
				71D9DF8F28AC3C2D00D22910 /* Color.swift */,
				71D9DF9128AC3C4D00D22910 /* NSImage.swift */,
			);
			path = extensions;
			sourceTree = "<group>";
		};
/* End PBXGroup section */

/* Begin PBXNativeTarget section */
		71D9DEF428A02DBD00D22910 /* OctoBlast */ = {
			isa = PBXNativeTarget;
			buildConfigurationList = 71D9DF1A28A02DBE00D22910 /* Build configuration list for PBXNativeTarget "OctoBlast" */;
			buildPhases = (
				718D780928D6146500A61EE9 /* ShellScript */,
				71D9DEF128A02DBD00D22910 /* Sources */,
				71D9DEF228A02DBD00D22910 /* Frameworks */,
				71D9DEF328A02DBD00D22910 /* Resources */,
				710B557E28B5815A0093DFA3 /* ShellScript */,
			);
			buildRules = (
			);
			dependencies = (
			);
			name = OctoBlast;
			packageProductDependencies = (
				71BC7E7F28CE3C8200E1DFA6 /* OctoKit */,
				71BC7E8228CE3CC000E1DFA6 /* Sparkle */,
				71BC7E8528CE3D2600E1DFA6 /* KeychainSwift */,
				71BC7E8828CE3D6C00E1DFA6 /* LaunchAtLogin */,
				71BC7E8B28CE3D7C00E1DFA6 /* Preferences */,
			);
			productName = OctoBlast;
			productReference = 71D9DEF528A02DBD00D22910 /* OctoBlast.app */;
			productType = "com.apple.product-type.application";
		};
/* End PBXNativeTarget section */

/* Begin PBXProject section */
		71D9DEED28A02DBD00D22910 /* Project object */ = {
			isa = PBXProject;
			attributes = {
				BuildIndependentTargetsInParallel = 1;
				LastSwiftUpdateCheck = 1340;
				LastUpgradeCheck = 1400;
				ORGANIZATIONNAME = JBW;
				TargetAttributes = {
					71D9DEF428A02DBD00D22910 = {
						CreatedOnToolsVersion = 13.4.1;
					};
				};
			};
			buildConfigurationList = 71D9DEF028A02DBD00D22910 /* Build configuration list for PBXProject "OctoBlast" */;
			compatibilityVersion = "Xcode 13.0";
			developmentRegion = en;
			hasScannedForEncodings = 0;
			knownRegions = (
				en,
				Base,
			);
			mainGroup = 71D9DEEC28A02DBD00D22910;
			packageReferences = (
				71BC7E7E28CE3C8200E1DFA6 /* XCRemoteSwiftPackageReference "octokit" */,
				71BC7E8128CE3CC000E1DFA6 /* XCRemoteSwiftPackageReference "Sparkle" */,
				71BC7E8428CE3D2600E1DFA6 /* XCRemoteSwiftPackageReference "keychain-swift" */,
				71BC7E8728CE3D6C00E1DFA6 /* XCRemoteSwiftPackageReference "LaunchAtLogin" */,
				71BC7E8A28CE3D7C00E1DFA6 /* XCRemoteSwiftPackageReference "Preferences" */,
			);
			productRefGroup = 71D9DEF628A02DBD00D22910 /* Products */;
			projectDirPath = "";
			projectRoot = "";
			targets = (
				71D9DEF428A02DBD00D22910 /* OctoBlast */,
			);
		};
/* End PBXProject section */

/* Begin PBXResourcesBuildPhase section */
		71D9DEF328A02DBD00D22910 /* Resources */ = {
			isa = PBXResourcesBuildPhase;
			buildActionMask = 2147483647;
			files = (
				717755E628CE903500D0141C /* version.txt in Resources */,
				718D781028D615F300A61EE9 /* ApiConfig.stencil in Resources */,
				71D9DF0028A02DBE00D22910 /* Preview Assets.xcassets in Resources */,
				71D9DEFD28A02DBE00D22910 /* Assets.xcassets in Resources */,
			);
			runOnlyForDeploymentPostprocessing = 0;
		};
/* End PBXResourcesBuildPhase section */

/* Begin PBXShellScriptBuildPhase section */
		710B557E28B5815A0093DFA3 /* ShellScript */ = {
			isa = PBXShellScriptBuildPhase;
			buildActionMask = 2147483647;
			files = (
			);
			inputFileListPaths = (
			);
			inputPaths = (
			);
			outputFileListPaths = (
			);
			outputPaths = (
			);
			runOnlyForDeploymentPostprocessing = 0;
			shellPath = /bin/sh;
			shellScript = "# Type a script or drag a script file from your workspace to insert its path.\n\"${BUILT_PRODUCTS_DIR}/LaunchAtLogin_LaunchAtLogin.bundle/Contents/Resources/copy-helper-swiftpm.sh\"\n";
		};
		718D780928D6146500A61EE9 /* ShellScript */ = {
			isa = PBXShellScriptBuildPhase;
			buildActionMask = 2147483647;
			files = (
			);
			inputFileListPaths = (
			);
			inputPaths = (
			);
			outputFileListPaths = (
			);
			outputPaths = (
			);
			runOnlyForDeploymentPostprocessing = 0;
			shellPath = /bin/sh;
			shellScript = "if [ -f ./env-vars.sh ]\nthen\nsource ./env-vars.sh\nfi\n\n./sourcery/sourcery --templates ./OctoBlast/templates/ --output ./OctoBlast/templates/ --sources ./OctoBlast/ --args authToken=$AUTH_TOKEN,authSecret=$AUTH_SECRET\n";
		};
/* End PBXShellScriptBuildPhase section */

/* Begin PBXSourcesBuildPhase section */
		71D9DEF128A02DBD00D22910 /* Sources */ = {
			isa = PBXSourcesBuildPhase;
			buildActionMask = 2147483647;
			files = (
				71D9DF5B28AB9C2400D22910 /* Github.swift in Sources */,
				71D9DEF928A02DBD00D22910 /* OctoBlastApp.swift in Sources */,
				71D9DF5F28AB9CB900D22910 /* AppDelegate.swift in Sources */,
				71D9DF9228AC3C4D00D22910 /* NSImage.swift in Sources */,
				710B558428B586C20093DFA3 /* Updater.swift in Sources */,
				71D9DF5D28AB9C3400D22910 /* AuthAccessToken.swift in Sources */,
				71D9DF9028AC3C2D00D22910 /* Color.swift in Sources */,
				718D781228D6171600A61EE9 /* ApiConfig.generated.swift in Sources */,
				19A3F3CA497740AAEF0DEAEA /* GitHubOAuth.swift in Sources */,
				19A3FE7F9C69CBC655D0CD0E /* PreferencesView.swift in Sources */,
				19A3F6AB67E939634942FA30 /* AppearanceDetail.swift in Sources */,
				19A3F08BE393060886312D71 /* AccessDetail.swift in Sources */,
				19A3FEC547742C3D72FFE9DA /* AboutDetail.swift in Sources */,
				19A3F0822E9BC2B0B76B854B /* AdvancedDetail.swift in Sources */,
			);
			runOnlyForDeploymentPostprocessing = 0;
		};
/* End PBXSourcesBuildPhase section */

/* Begin XCBuildConfiguration section */
		71D9DF1828A02DBE00D22910 /* Debug */ = {
			isa = XCBuildConfiguration;
			buildSettings = {
				ALWAYS_SEARCH_USER_PATHS = NO;
				CLANG_ANALYZER_NONNULL = YES;
				CLANG_ANALYZER_NUMBER_OBJECT_CONVERSION = YES_AGGRESSIVE;
				CLANG_CXX_LANGUAGE_STANDARD = "gnu++17";
				CLANG_ENABLE_MODULES = YES;
				CLANG_ENABLE_OBJC_ARC = YES;
				CLANG_ENABLE_OBJC_WEAK = YES;
				CLANG_WARN_BLOCK_CAPTURE_AUTORELEASING = YES;
				CLANG_WARN_BOOL_CONVERSION = YES;
				CLANG_WARN_COMMA = YES;
				CLANG_WARN_CONSTANT_CONVERSION = YES;
				CLANG_WARN_DEPRECATED_OBJC_IMPLEMENTATIONS = YES;
				CLANG_WARN_DIRECT_OBJC_ISA_USAGE = YES_ERROR;
				CLANG_WARN_DOCUMENTATION_COMMENTS = YES;
				CLANG_WARN_EMPTY_BODY = YES;
				CLANG_WARN_ENUM_CONVERSION = YES;
				CLANG_WARN_INFINITE_RECURSION = YES;
				CLANG_WARN_INT_CONVERSION = YES;
				CLANG_WARN_NON_LITERAL_NULL_CONVERSION = YES;
				CLANG_WARN_OBJC_IMPLICIT_RETAIN_SELF = YES;
				CLANG_WARN_OBJC_LITERAL_CONVERSION = YES;
				CLANG_WARN_OBJC_ROOT_CLASS = YES_ERROR;
				CLANG_WARN_QUOTED_INCLUDE_IN_FRAMEWORK_HEADER = YES;
				CLANG_WARN_RANGE_LOOP_ANALYSIS = YES;
				CLANG_WARN_STRICT_PROTOTYPES = YES;
				CLANG_WARN_SUSPICIOUS_MOVE = YES;
				CLANG_WARN_UNGUARDED_AVAILABILITY = YES_AGGRESSIVE;
				CLANG_WARN_UNREACHABLE_CODE = YES;
				CLANG_WARN__DUPLICATE_METHOD_MATCH = YES;
				COPY_PHASE_STRIP = NO;
				DEAD_CODE_STRIPPING = YES;
				DEBUG_INFORMATION_FORMAT = dwarf;
				ENABLE_STRICT_OBJC_MSGSEND = YES;
				ENABLE_TESTABILITY = YES;
				GCC_C_LANGUAGE_STANDARD = gnu11;
				GCC_DYNAMIC_NO_PIC = NO;
				GCC_NO_COMMON_BLOCKS = YES;
				GCC_OPTIMIZATION_LEVEL = 0;
				GCC_PREPROCESSOR_DEFINITIONS = (
					"DEBUG=1",
					"$(inherited)",
				);
				GCC_WARN_64_TO_32_BIT_CONVERSION = YES;
				GCC_WARN_ABOUT_RETURN_TYPE = YES_ERROR;
				GCC_WARN_UNDECLARED_SELECTOR = YES;
				GCC_WARN_UNINITIALIZED_AUTOS = YES_AGGRESSIVE;
				GCC_WARN_UNUSED_FUNCTION = YES;
				GCC_WARN_UNUSED_VARIABLE = YES;
				MACOSX_DEPLOYMENT_TARGET = 12.3;
				MTL_ENABLE_DEBUG_INFO = INCLUDE_SOURCE;
				MTL_FAST_MATH = YES;
				ONLY_ACTIVE_ARCH = YES;
				SDKROOT = macosx;
				SWIFT_ACTIVE_COMPILATION_CONDITIONS = DEBUG;
				SWIFT_OPTIMIZATION_LEVEL = "-Onone";
			};
			name = Debug;
		};
		71D9DF1928A02DBE00D22910 /* Release */ = {
			isa = XCBuildConfiguration;
			buildSettings = {
				ALWAYS_SEARCH_USER_PATHS = NO;
				CLANG_ANALYZER_NONNULL = YES;
				CLANG_ANALYZER_NUMBER_OBJECT_CONVERSION = YES_AGGRESSIVE;
				CLANG_CXX_LANGUAGE_STANDARD = "gnu++17";
				CLANG_ENABLE_MODULES = YES;
				CLANG_ENABLE_OBJC_ARC = YES;
				CLANG_ENABLE_OBJC_WEAK = YES;
				CLANG_WARN_BLOCK_CAPTURE_AUTORELEASING = YES;
				CLANG_WARN_BOOL_CONVERSION = YES;
				CLANG_WARN_COMMA = YES;
				CLANG_WARN_CONSTANT_CONVERSION = YES;
				CLANG_WARN_DEPRECATED_OBJC_IMPLEMENTATIONS = YES;
				CLANG_WARN_DIRECT_OBJC_ISA_USAGE = YES_ERROR;
				CLANG_WARN_DOCUMENTATION_COMMENTS = YES;
				CLANG_WARN_EMPTY_BODY = YES;
				CLANG_WARN_ENUM_CONVERSION = YES;
				CLANG_WARN_INFINITE_RECURSION = YES;
				CLANG_WARN_INT_CONVERSION = YES;
				CLANG_WARN_NON_LITERAL_NULL_CONVERSION = YES;
				CLANG_WARN_OBJC_IMPLICIT_RETAIN_SELF = YES;
				CLANG_WARN_OBJC_LITERAL_CONVERSION = YES;
				CLANG_WARN_OBJC_ROOT_CLASS = YES_ERROR;
				CLANG_WARN_QUOTED_INCLUDE_IN_FRAMEWORK_HEADER = YES;
				CLANG_WARN_RANGE_LOOP_ANALYSIS = YES;
				CLANG_WARN_STRICT_PROTOTYPES = YES;
				CLANG_WARN_SUSPICIOUS_MOVE = YES;
				CLANG_WARN_UNGUARDED_AVAILABILITY = YES_AGGRESSIVE;
				CLANG_WARN_UNREACHABLE_CODE = YES;
				CLANG_WARN__DUPLICATE_METHOD_MATCH = YES;
				COPY_PHASE_STRIP = NO;
				DEAD_CODE_STRIPPING = YES;
				DEBUG_INFORMATION_FORMAT = "dwarf-with-dsym";
				ENABLE_NS_ASSERTIONS = NO;
				ENABLE_STRICT_OBJC_MSGSEND = YES;
				GCC_C_LANGUAGE_STANDARD = gnu11;
				GCC_NO_COMMON_BLOCKS = YES;
				GCC_WARN_64_TO_32_BIT_CONVERSION = YES;
				GCC_WARN_ABOUT_RETURN_TYPE = YES_ERROR;
				GCC_WARN_UNDECLARED_SELECTOR = YES;
				GCC_WARN_UNINITIALIZED_AUTOS = YES_AGGRESSIVE;
				GCC_WARN_UNUSED_FUNCTION = YES;
				GCC_WARN_UNUSED_VARIABLE = YES;
				MACOSX_DEPLOYMENT_TARGET = 12.3;
				MTL_ENABLE_DEBUG_INFO = NO;
				MTL_FAST_MATH = YES;
				SDKROOT = macosx;
				SWIFT_COMPILATION_MODE = wholemodule;
				SWIFT_OPTIMIZATION_LEVEL = "-O";
			};
			name = Release;
		};
		71D9DF1B28A02DBE00D22910 /* Debug */ = {
			isa = XCBuildConfiguration;
			buildSettings = {
				ASSETCATALOG_COMPILER_APPICON_NAME = AppIcon;
				ASSETCATALOG_COMPILER_GLOBAL_ACCENT_COLOR_NAME = AccentColor;
				ASSETCATALOG_COMPILER_INCLUDE_ALL_APPICON_ASSETS = NO;
				CODE_SIGN_ENTITLEMENTS = OctoBlast/OctoBlast.entitlements;
				CODE_SIGN_IDENTITY = "-";
				CODE_SIGN_STYLE = Automatic;
				COMBINE_HIDPI_IMAGES = YES;
				CURRENT_PROJECT_VERSION = 0.3.2;
				DEAD_CODE_STRIPPING = YES;
				DEVELOPMENT_ASSET_PATHS = "\"OctoBlast/Preview Content\"";
				DEVELOPMENT_TEAM = RQGBAF842V;
				ENABLE_PREVIEWS = YES;
				GENERATE_INFOPLIST_FILE = YES;
				INFOPLIST_FILE = OctoBlast/Info.plist;
				INFOPLIST_KEY_CFBundleDisplayName = "";
				INFOPLIST_KEY_LSApplicationCategoryType = "public.app-category.utilities";
				INFOPLIST_KEY_NSHumanReadableCopyright = "";
				LD_RUNPATH_SEARCH_PATHS = (
					"$(inherited)",
					"@executable_path/../Frameworks",
				);
				MACOSX_DEPLOYMENT_TARGET = 12.3;
				MARKETING_VERSION = 0.3.2;
				PRODUCT_BUNDLE_IDENTIFIER = codes.jbw.OctoBlast;
				PRODUCT_NAME = "$(TARGET_NAME)";
				SWIFT_EMIT_LOC_STRINGS = YES;
				SWIFT_VERSION = 5.0;
			};
			name = Debug;
		};
		71D9DF1C28A02DBE00D22910 /* Release */ = {
			isa = XCBuildConfiguration;
			buildSettings = {
				ASSETCATALOG_COMPILER_APPICON_NAME = AppIcon;
				ASSETCATALOG_COMPILER_GLOBAL_ACCENT_COLOR_NAME = AccentColor;
				ASSETCATALOG_COMPILER_INCLUDE_ALL_APPICON_ASSETS = NO;
				CODE_SIGN_ENTITLEMENTS = OctoBlast/OctoBlast.entitlements;
				CODE_SIGN_IDENTITY = "-";
				CODE_SIGN_STYLE = Automatic;
				COMBINE_HIDPI_IMAGES = YES;
				CURRENT_PROJECT_VERSION = 0.3.2;
				DEAD_CODE_STRIPPING = YES;
				DEVELOPMENT_ASSET_PATHS = "\"OctoBlast/Preview Content\"";
				DEVELOPMENT_TEAM = RQGBAF842V;
				ENABLE_PREVIEWS = YES;
				GENERATE_INFOPLIST_FILE = YES;
				INFOPLIST_FILE = OctoBlast/Info.plist;
				INFOPLIST_KEY_CFBundleDisplayName = "";
				INFOPLIST_KEY_LSApplicationCategoryType = "public.app-category.utilities";
				INFOPLIST_KEY_NSHumanReadableCopyright = "";
				LD_RUNPATH_SEARCH_PATHS = (
					"$(inherited)",
					"@executable_path/../Frameworks",
				);
				MACOSX_DEPLOYMENT_TARGET = 12.3;
				MARKETING_VERSION = 0.3.2;
				PRODUCT_BUNDLE_IDENTIFIER = codes.jbw.OctoBlast;
				PRODUCT_NAME = "$(TARGET_NAME)";
				SWIFT_EMIT_LOC_STRINGS = YES;
				SWIFT_VERSION = 5.0;
			};
			name = Release;
		};
/* End XCBuildConfiguration section */

/* Begin XCConfigurationList section */
		71D9DEF028A02DBD00D22910 /* Build configuration list for PBXProject "OctoBlast" */ = {
			isa = XCConfigurationList;
			buildConfigurations = (
				71D9DF1828A02DBE00D22910 /* Debug */,
				71D9DF1928A02DBE00D22910 /* Release */,
			);
			defaultConfigurationIsVisible = 0;
			defaultConfigurationName = Release;
		};
		71D9DF1A28A02DBE00D22910 /* Build configuration list for PBXNativeTarget "OctoBlast" */ = {
			isa = XCConfigurationList;
			buildConfigurations = (
				71D9DF1B28A02DBE00D22910 /* Debug */,
				71D9DF1C28A02DBE00D22910 /* Release */,
			);
			defaultConfigurationIsVisible = 0;
			defaultConfigurationName = Release;
		};
/* End XCConfigurationList section */

/* Begin XCRemoteSwiftPackageReference section */
		71BC7E7E28CE3C8200E1DFA6 /* XCRemoteSwiftPackageReference "octokit" */ = {
			isa = XCRemoteSwiftPackageReference;
			repositoryURL = "https://github.com/nerdishbynature/octokit.swift";
			requirement = {
				branch = main;
				kind = branch;
			};
		};
		71BC7E8128CE3CC000E1DFA6 /* XCRemoteSwiftPackageReference "Sparkle" */ = {
			isa = XCRemoteSwiftPackageReference;
			repositoryURL = "https://github.com/sparkle-project/Sparkle";
			requirement = {
				kind = upToNextMajorVersion;
				minimumVersion = 2.0.0;
			};
		};
		71BC7E8428CE3D2600E1DFA6 /* XCRemoteSwiftPackageReference "keychain-swift" */ = {
			isa = XCRemoteSwiftPackageReference;
			repositoryURL = "https://github.com/evgenyneu/keychain-swift";
			requirement = {
				kind = revision;
				revision = 32a99b537d1c6f3529a08257c28a5feb70c0c5af;
			};
		};
		71BC7E8728CE3D6C00E1DFA6 /* XCRemoteSwiftPackageReference "LaunchAtLogin" */ = {
			isa = XCRemoteSwiftPackageReference;
			repositoryURL = "https://github.com/sindresorhus/LaunchAtLogin";
			requirement = {
				branch = main;
				kind = branch;
			};
		};
		71BC7E8A28CE3D7C00E1DFA6 /* XCRemoteSwiftPackageReference "Preferences" */ = {
			isa = XCRemoteSwiftPackageReference;
			repositoryURL = "https://github.com/sindresorhus/Preferences";
			requirement = {
				branch = main;
				kind = branch;
			};
		};
/* End XCRemoteSwiftPackageReference section */

/* Begin XCSwiftPackageProductDependency section */
		71BC7E7F28CE3C8200E1DFA6 /* OctoKit */ = {
			isa = XCSwiftPackageProductDependency;
			package = 71BC7E7E28CE3C8200E1DFA6 /* XCRemoteSwiftPackageReference "octokit" */;
			productName = OctoKit;
		};
		71BC7E8228CE3CC000E1DFA6 /* Sparkle */ = {
			isa = XCSwiftPackageProductDependency;
			package = 71BC7E8128CE3CC000E1DFA6 /* XCRemoteSwiftPackageReference "Sparkle" */;
			productName = Sparkle;
		};
		71BC7E8528CE3D2600E1DFA6 /* KeychainSwift */ = {
			isa = XCSwiftPackageProductDependency;
			package = 71BC7E8428CE3D2600E1DFA6 /* XCRemoteSwiftPackageReference "keychain-swift" */;
			productName = KeychainSwift;
		};
		71BC7E8828CE3D6C00E1DFA6 /* LaunchAtLogin */ = {
			isa = XCSwiftPackageProductDependency;
			package = 71BC7E8728CE3D6C00E1DFA6 /* XCRemoteSwiftPackageReference "LaunchAtLogin" */;
			productName = LaunchAtLogin;
		};
		71BC7E8B28CE3D7C00E1DFA6 /* Preferences */ = {
			isa = XCSwiftPackageProductDependency;
			package = 71BC7E8A28CE3D7C00E1DFA6 /* XCRemoteSwiftPackageReference "Preferences" */;
			productName = Preferences;
		};
/* End XCSwiftPackageProductDependency section */
	};
	rootObject = 71D9DEED28A02DBD00D22910 /* Project object */;
}
